# THIS IS AN AUTOGENERATED FILE. DO NOT EDIT THIS FILE DIRECTLY.
# yarn lockfile v1


"@agilie/canvas-image-cover-position@^1.1.1":
  version "1.1.1"
  resolved "https://registry.yarnpkg.com/@agilie/canvas-image-cover-position/-/canvas-image-cover-position-1.1.1.tgz#e986a2607dc164d87d11dc452799169f1b1ad06d"

codemirror-spell-checker@^1.1.2:
  version "1.1.2"
  resolved "https://registry.yarnpkg.com/codemirror-spell-checker/-/codemirror-spell-checker-1.1.2.tgz#1c660f9089483ccb5113b9ba9ca19c3f4993371e"
  dependencies:
    typo-js "*"

codemirror@^5.33.0:
  version "5.53.2"
  resolved "https://registry.yarnpkg.com/codemirror/-/codemirror-5.53.2.tgz#9799121cf8c50809cca487304e9de3a74d33f428"

inscrybmde@^1.11.6:
  version "1.11.6"
  resolved "https://registry.yarnpkg.com/inscrybmde/-/inscrybmde-1.11.6.tgz#4c27a99edb05cce486e6816d8ff771f9a5b95950"
  dependencies:
    codemirror "^5.33.0"
    codemirror-spell-checker "^1.1.2"
    marked "^0.5.1"

marked@^0.5.1:
  version "0.5.2"
  resolved "https://registry.yarnpkg.com/marked/-/marked-0.5.2.tgz#3efdb27b1fd0ecec4f5aba362bddcd18120e5ba9"

microlight@^0.0.7:
  version "0.0.7"
  resolved "https://registry.yarnpkg.com/microlight/-/microlight-0.0.7.tgz#f3d7eb460acc11317bb32388b29930d54ba47890"

siema@^1.5.1:
  version "1.5.1"
  resolved "https://registry.yarnpkg.com/siema/-/siema-1.5.1.tgz#eff312b77e8340fa4d81d5d053ebbeb9113ff888"

sortablejs@^1.10.2:
  version "1.10.2"
  resolved "https://registry.yarnpkg.com/sortablejs/-/sortablejs-1.10.2.tgz#6e40364d913f98b85a14f6678f92b5c1221f5290"

timeago.js@^4.0.2:
  version "4.0.2"
  resolved "https://registry.yarnpkg.com/timeago.js/-/timeago.js-4.0.2.tgz#724e8c8833e3490676c7bb0a75f5daf20e558028"

typo-js@*:
  version "1.1.0"
  resolved "https://registry.yarnpkg.com/typo-js/-/typo-js-1.1.0.tgz#a5a9f592bcb453666bf70c9694da58705d025ed8"
