# THIS IS AN AUTOGENERATED FILE. DO NOT EDIT THIS FILE DIRECTLY.
# yarn lockfile v1


"@agilie/canvas-image-cover-position@^1.1.1":
  version "1.1.1"
  resolved "https://registry.yarnpkg.com/@agilie/canvas-image-cover-position/-/canvas-image-cover-position-1.1.1.tgz#e986a2607dc164d87d11dc452799169f1b1ad06d"

codemirror-spell-checker@1.1.2:
  version "1.1.2"
  resolved "https://registry.yarnpkg.com/codemirror-spell-checker/-/codemirror-spell-checker-1.1.2.tgz#1c660f9089483ccb5113b9ba9ca19c3f4993371e"
  dependencies:
    typo-js "*"

codemirror@^5.50.2:
  version "5.52.2"
  resolved "https://registry.yarnpkg.com/codemirror/-/codemirror-5.52.2.tgz#c29e1f7179f85eb0dd17c0586fa810e4838ff584"

easymde@^2.9.0:
  version "2.9.0"
  resolved "https://registry.yarnpkg.com/easymde/-/easymde-2.9.0.tgz#1b02dc330596d75c9e40b09c52250759f9543dc2"
  dependencies:
    codemirror "^5.50.2"
    codemirror-spell-checker "1.1.2"
    marked "^0.8.0"

marked@^0.8.0:
  version "0.8.2"
  resolved "https://registry.yarnpkg.com/marked/-/marked-0.8.2.tgz#4faad28d26ede351a7a1aaa5fec67915c869e355"

microlight@^0.0.7:
  version "0.0.7"
  resolved "https://registry.yarnpkg.com/microlight/-/microlight-0.0.7.tgz#f3d7eb460acc11317bb32388b29930d54ba47890"

siema@^1.5.1:
  version "1.5.1"
  resolved "https://registry.yarnpkg.com/siema/-/siema-1.5.1.tgz#eff312b77e8340fa4d81d5d053ebbeb9113ff888"

sortablejs@^1.10.2:
  version "1.10.2"
  resolved "https://registry.yarnpkg.com/sortablejs/-/sortablejs-1.10.2.tgz#6e40364d913f98b85a14f6678f92b5c1221f5290"

timeago.js@^4.0.2:
  version "4.0.2"
  resolved "https://registry.yarnpkg.com/timeago.js/-/timeago.js-4.0.2.tgz#724e8c8833e3490676c7bb0a75f5daf20e558028"

typo-js@*:
  version "1.1.0"
  resolved "https://registry.yarnpkg.com/typo-js/-/typo-js-1.1.0.tgz#a5a9f592bcb453666bf70c9694da58705d025ed8"
